
Microsoft Visual Studio Solution File, Format Version 12.00
# Visual Studio 15
VisualStudioVersion = 15.0.27130.2020
MinimumVisualStudioVersion = 10.0.40219.1
Project("{FAE04EC0-301F-11D3-BF4B-00C04F79EFBC}") = "DemoSlidingPanel.Android", "DemoSlidingPanel\DemoSlidingPanel.Android\DemoSlidingPanel.Android.csproj", "{6295910B-19D8-4B1D-BEC8-15E53BAEE910}"
EndProject
Project("{FAE04EC0-301F-11D3-BF4B-00C04F79EFBC}") = "DemoSlidingPanel.iOS", "DemoSlidingPanel\DemoSlidingPanel.iOS\DemoSlidingPanel.iOS.csproj", "{D05CEAE7-B828-48EE-810F-8E8CC2D8CE1E}"
EndProject
Project("{FAE04EC0-301F-11D3-BF4B-00C04F79EFBC}") = "DemoSlidingPanel.UWP", "DemoSlidingPanel\DemoSlidingPanel.UWP\DemoSlidingPanel.UWP.csproj", "{2AF929AA-113B-49E9-A56B-745C3FEA3EE4}"
EndProject
Project("{FAE04EC0-301F-11D3-BF4B-00C04F79EFBC}") = "DemoSlidingPanel", "DemoSlidingPanel\DemoSlidingPanel\DemoSlidingPanel.csproj", "{02E7F267-41B1-4D0A-98C1-77BBA0502D29}"
EndProject
Global
	GlobalSection(SolutionConfigurationPlatforms) = preSolution
		Ad-Hoc|Any CPU = Ad-Hoc|Any CPU
		Ad-Hoc|ARM = Ad-Hoc|ARM
		Ad-Hoc|iPhone = Ad-Hoc|iPhone
		Ad-Hoc|iPhoneSimulator = Ad-Hoc|iPhoneSimulator
		Ad-Hoc|x64 = Ad-Hoc|x64
		Ad-Hoc|x86 = Ad-Hoc|x86
		AppStore|Any CPU = AppStore|Any CPU
		AppStore|ARM = AppStore|ARM
		AppStore|iPhone = AppStore|iPhone
		AppStore|iPhoneSimulator = AppStore|iPhoneSimulator
		AppStore|x64 = AppStore|x64
		AppStore|x86 = AppStore|x86
		Debug|Any CPU = Debug|Any CPU
		Debug|ARM = Debug|ARM
		Debug|iPhone = Debug|iPhone
		Debug|iPhoneSimulator = Debug|iPhoneSimulator
		Debug|x64 = Debug|x64
		Debug|x86 = Debug|x86
		Release|Any CPU = Release|Any CPU
		Release|ARM = Release|ARM
		Release|iPhone = Release|iPhone
		Release|iPhoneSimulator = Release|iPhoneSimulator
		Release|x64 = Release|x64
		Release|x86 = Release|x86
	EndGlobalSection
	GlobalSection(ProjectConfigurationPlatforms) = postSolution
		{6295910B-19D8-4B1D-BEC8-15E53BAEE910}.Ad-Hoc|Any CPU.ActiveCfg = Release|Any CPU
		{6295910B-19D8-4B1D-BEC8-15E53BAEE910}.Ad-Hoc|Any CPU.Build.0 = Release|Any CPU
		{6295910B-19D8-4B1D-BEC8-15E53BAEE910}.Ad-Hoc|Any CPU.Deploy.0 = Release|Any CPU
		{6295910B-19D8-4B1D-BEC8-15E53BAEE910}.Ad-Hoc|ARM.ActiveCfg = Release|Any CPU
		{6295910B-19D8-4B1D-BEC8-15E53BAEE910}.Ad-Hoc|ARM.Build.0 = Release|Any CPU
		{6295910B-19D8-4B1D-BEC8-15E53BAEE910}.Ad-Hoc|ARM.Deploy.0 = Release|Any CPU
		{6295910B-19D8-4B1D-BEC8-15E53BAEE910}.Ad-Hoc|iPhone.ActiveCfg = Release|Any CPU
		{6295910B-19D8-4B1D-BEC8-15E53BAEE910}.Ad-Hoc|iPhone.Build.0 = Release|Any CPU
		{6295910B-19D8-4B1D-BEC8-15E53BAEE910}.Ad-Hoc|iPhone.Deploy.0 = Release|Any CPU
		{6295910B-19D8-4B1D-BEC8-15E53BAEE910}.Ad-Hoc|iPhoneSimulator.ActiveCfg = Release|Any CPU
		{6295910B-19D8-4B1D-BEC8-15E53BAEE910}.Ad-Hoc|iPhoneSimulator.Build.0 = Release|Any CPU
		{6295910B-19D8-4B1D-BEC8-15E53BAEE910}.Ad-Hoc|iPhoneSimulator.Deploy.0 = Release|Any CPU
		{6295910B-19D8-4B1D-BEC8-15E53BAEE910}.Ad-Hoc|x64.ActiveCfg = Release|Any CPU
		{6295910B-19D8-4B1D-BEC8-15E53BAEE910}.Ad-Hoc|x64.Build.0 = Release|Any CPU
		{6295910B-19D8-4B1D-BEC8-15E53BAEE910}.Ad-Hoc|x64.Deploy.0 = Release|Any CPU
		{6295910B-19D8-4B1D-BEC8-15E53BAEE910}.Ad-Hoc|x86.ActiveCfg = Release|Any CPU
		{6295910B-19D8-4B1D-BEC8-15E53BAEE910}.Ad-Hoc|x86.Build.0 = Release|Any CPU
		{6295910B-19D8-4B1D-BEC8-15E53BAEE910}.Ad-Hoc|x86.Deploy.0 = Release|Any CPU
		{6295910B-19D8-4B1D-BEC8-15E53BAEE910}.AppStore|Any CPU.ActiveCfg = Release|Any CPU
		{6295910B-19D8-4B1D-BEC8-15E53BAEE910}.AppStore|Any CPU.Build.0 = Release|Any CPU
		{6295910B-19D8-4B1D-BEC8-15E53BAEE910}.AppStore|Any CPU.Deploy.0 = Release|Any CPU
		{6295910B-19D8-4B1D-BEC8-15E53BAEE910}.AppStore|ARM.ActiveCfg = Release|Any CPU
		{6295910B-19D8-4B1D-BEC8-15E53BAEE910}.AppStore|ARM.Build.0 = Release|Any CPU
		{6295910B-19D8-4B1D-BEC8-15E53BAEE910}.AppStore|ARM.Deploy.0 = Release|Any CPU
		{6295910B-19D8-4B1D-BEC8-15E53BAEE910}.AppStore|iPhone.ActiveCfg = Release|Any CPU
		{6295910B-19D8-4B1D-BEC8-15E53BAEE910}.AppStore|iPhone.Build.0 = Release|Any CPU
		{6295910B-19D8-4B1D-BEC8-15E53BAEE910}.AppStore|iPhone.Deploy.0 = Release|Any CPU
		{6295910B-19D8-4B1D-BEC8-15E53BAEE910}.AppStore|iPhoneSimulator.ActiveCfg = Release|Any CPU
		{6295910B-19D8-4B1D-BEC8-15E53BAEE910}.AppStore|iPhoneSimulator.Build.0 = Release|Any CPU
		{6295910B-19D8-4B1D-BEC8-15E53BAEE910}.AppStore|iPhoneSimulator.Deploy.0 = Release|Any CPU
		{6295910B-19D8-4B1D-BEC8-15E53BAEE910}.AppStore|x64.ActiveCfg = Release|Any CPU
		{6295910B-19D8-4B1D-BEC8-15E53BAEE910}.AppStore|x64.Build.0 = Release|Any CPU
		{6295910B-19D8-4B1D-BEC8-15E53BAEE910}.AppStore|x64.Deploy.0 = Release|Any CPU
		{6295910B-19D8-4B1D-BEC8-15E53BAEE910}.AppStore|x86.ActiveCfg = Release|Any CPU
		{6295910B-19D8-4B1D-BEC8-15E53BAEE910}.AppStore|x86.Build.0 = Release|Any CPU
		{6295910B-19D8-4B1D-BEC8-15E53BAEE910}.AppStore|x86.Deploy.0 = Release|Any CPU
		{6295910B-19D8-4B1D-BEC8-15E53BAEE910}.Debug|Any CPU.ActiveCfg = Debug|Any CPU
		{6295910B-19D8-4B1D-BEC8-15E53BAEE910}.Debug|Any CPU.Build.0 = Debug|Any CPU
		{6295910B-19D8-4B1D-BEC8-15E53BAEE910}.Debug|Any CPU.Deploy.0 = Debug|Any CPU
		{6295910B-19D8-4B1D-BEC8-15E53BAEE910}.Debug|ARM.ActiveCfg = Debug|Any CPU
		{6295910B-19D8-4B1D-BEC8-15E53BAEE910}.Debug|ARM.Build.0 = Debug|Any CPU
		{6295910B-19D8-4B1D-BEC8-15E53BAEE910}.Debug|ARM.Deploy.0 = Debug|Any CPU
		{6295910B-19D8-4B1D-BEC8-15E53BAEE910}.Debug|iPhone.ActiveCfg = Debug|Any CPU
		{6295910B-19D8-4B1D-BEC8-15E53BAEE910}.Debug|iPhone.Build.0 = Debug|Any CPU
		{6295910B-19D8-4B1D-BEC8-15E53BAEE910}.Debug|iPhone.Deploy.0 = Debug|Any CPU
		{6295910B-19D8-4B1D-BEC8-15E53BAEE910}.Debug|iPhoneSimulator.ActiveCfg = Debug|Any CPU
		{6295910B-19D8-4B1D-BEC8-15E53BAEE910}.Debug|iPhoneSimulator.Build.0 = Debug|Any CPU
		{6295910B-19D8-4B1D-BEC8-15E53BAEE910}.Debug|iPhoneSimulator.Deploy.0 = Debug|Any CPU
		{6295910B-19D8-4B1D-BEC8-15E53BAEE910}.Debug|x64.ActiveCfg = Debug|Any CPU
		{6295910B-19D8-4B1D-BEC8-15E53BAEE910}.Debug|x64.Build.0 = Debug|Any CPU
		{6295910B-19D8-4B1D-BEC8-15E53BAEE910}.Debug|x64.Deploy.0 = Debug|Any CPU
		{6295910B-19D8-4B1D-BEC8-15E53BAEE910}.Debug|x86.ActiveCfg = Debug|Any CPU
		{6295910B-19D8-4B1D-BEC8-15E53BAEE910}.Debug|x86.Build.0 = Debug|Any CPU
		{6295910B-19D8-4B1D-BEC8-15E53BAEE910}.Debug|x86.Deploy.0 = Debug|Any CPU
		{6295910B-19D8-4B1D-BEC8-15E53BAEE910}.Release|Any CPU.ActiveCfg = Release|Any CPU
		{6295910B-19D8-4B1D-BEC8-15E53BAEE910}.Release|Any CPU.Build.0 = Release|Any CPU
		{6295910B-19D8-4B1D-BEC8-15E53BAEE910}.Release|Any CPU.Deploy.0 = Release|Any CPU
		{6295910B-19D8-4B1D-BEC8-15E53BAEE910}.Release|ARM.ActiveCfg = Release|Any CPU
		{6295910B-19D8-4B1D-BEC8-15E53BAEE910}.Release|ARM.Build.0 = Release|Any CPU
		{6295910B-19D8-4B1D-BEC8-15E53BAEE910}.Release|ARM.Deploy.0 = Release|Any CPU
		{6295910B-19D8-4B1D-BEC8-15E53BAEE910}.Release|iPhone.ActiveCfg = Release|Any CPU
		{6295910B-19D8-4B1D-BEC8-15E53BAEE910}.Release|iPhone.Build.0 = Release|Any CPU
		{6295910B-19D8-4B1D-BEC8-15E53BAEE910}.Release|iPhone.Deploy.0 = Release|Any CPU
		{6295910B-19D8-4B1D-BEC8-15E53BAEE910}.Release|iPhoneSimulator.ActiveCfg = Release|Any CPU
		{6295910B-19D8-4B1D-BEC8-15E53BAEE910}.Release|iPhoneSimulator.Build.0 = Release|Any CPU
		{6295910B-19D8-4B1D-BEC8-15E53BAEE910}.Release|iPhoneSimulator.Deploy.0 = Release|Any CPU
		{6295910B-19D8-4B1D-BEC8-15E53BAEE910}.Release|x64.ActiveCfg = Release|Any CPU
		{6295910B-19D8-4B1D-BEC8-15E53BAEE910}.Release|x64.Build.0 = Release|Any CPU
		{6295910B-19D8-4B1D-BEC8-15E53BAEE910}.Release|x64.Deploy.0 = Release|Any CPU
		{6295910B-19D8-4B1D-BEC8-15E53BAEE910}.Release|x86.ActiveCfg = Release|Any CPU
		{6295910B-19D8-4B1D-BEC8-15E53BAEE910}.Release|x86.Build.0 = Release|Any CPU
		{6295910B-19D8-4B1D-BEC8-15E53BAEE910}.Release|x86.Deploy.0 = Release|Any CPU
		{D05CEAE7-B828-48EE-810F-8E8CC2D8CE1E}.Ad-Hoc|Any CPU.ActiveCfg = Ad-Hoc|iPhone
		{D05CEAE7-B828-48EE-810F-8E8CC2D8CE1E}.Ad-Hoc|ARM.ActiveCfg = Ad-Hoc|iPhone
		{D05CEAE7-B828-48EE-810F-8E8CC2D8CE1E}.Ad-Hoc|iPhone.ActiveCfg = Ad-Hoc|iPhone
		{D05CEAE7-B828-48EE-810F-8E8CC2D8CE1E}.Ad-Hoc|iPhone.Build.0 = Ad-Hoc|iPhone
		{D05CEAE7-B828-48EE-810F-8E8CC2D8CE1E}.Ad-Hoc|iPhoneSimulator.ActiveCfg = Ad-Hoc|iPhoneSimulator
		{D05CEAE7-B828-48EE-810F-8E8CC2D8CE1E}.Ad-Hoc|iPhoneSimulator.Build.0 = Ad-Hoc|iPhoneSimulator
		{D05CEAE7-B828-48EE-810F-8E8CC2D8CE1E}.Ad-Hoc|x64.ActiveCfg = Ad-Hoc|iPhone
		{D05CEAE7-B828-48EE-810F-8E8CC2D8CE1E}.Ad-Hoc|x86.ActiveCfg = Ad-Hoc|iPhone
		{D05CEAE7-B828-48EE-810F-8E8CC2D8CE1E}.AppStore|Any CPU.ActiveCfg = AppStore|iPhone
		{D05CEAE7-B828-48EE-810F-8E8CC2D8CE1E}.AppStore|ARM.ActiveCfg = AppStore|iPhone
		{D05CEAE7-B828-48EE-810F-8E8CC2D8CE1E}.AppStore|iPhone.ActiveCfg = AppStore|iPhone
		{D05CEAE7-B828-48EE-810F-8E8CC2D8CE1E}.AppStore|iPhone.Build.0 = AppStore|iPhone
		{D05CEAE7-B828-48EE-810F-8E8CC2D8CE1E}.AppStore|iPhoneSimulator.ActiveCfg = AppStore|iPhoneSimulator
		{D05CEAE7-B828-48EE-810F-8E8CC2D8CE1E}.AppStore|iPhoneSimulator.Build.0 = AppStore|iPhoneSimulator
		{D05CEAE7-B828-48EE-810F-8E8CC2D8CE1E}.AppStore|x64.ActiveCfg = AppStore|iPhone
		{D05CEAE7-B828-48EE-810F-8E8CC2D8CE1E}.AppStore|x86.ActiveCfg = AppStore|iPhone
		{D05CEAE7-B828-48EE-810F-8E8CC2D8CE1E}.Debug|Any CPU.ActiveCfg = Debug|iPhone
		{D05CEAE7-B828-48EE-810F-8E8CC2D8CE1E}.Debug|ARM.ActiveCfg = Debug|iPhone
		{D05CEAE7-B828-48EE-810F-8E8CC2D8CE1E}.Debug|iPhone.ActiveCfg = Debug|iPhone
		{D05CEAE7-B828-48EE-810F-8E8CC2D8CE1E}.Debug|iPhone.Build.0 = Debug|iPhone
		{D05CEAE7-B828-48EE-810F-8E8CC2D8CE1E}.Debug|iPhoneSimulator.ActiveCfg = Debug|iPhoneSimulator
		{D05CEAE7-B828-48EE-810F-8E8CC2D8CE1E}.Debug|iPhoneSimulator.Build.0 = Debug|iPhoneSimulator
		{D05CEAE7-B828-48EE-810F-8E8CC2D8CE1E}.Debug|x64.ActiveCfg = Debug|iPhone
		{D05CEAE7-B828-48EE-810F-8E8CC2D8CE1E}.Debug|x86.ActiveCfg = Debug|iPhone
		{D05CEAE7-B828-48EE-810F-8E8CC2D8CE1E}.Release|Any CPU.ActiveCfg = Release|iPhone
		{D05CEAE7-B828-48EE-810F-8E8CC2D8CE1E}.Release|ARM.ActiveCfg = Release|iPhone
		{D05CEAE7-B828-48EE-810F-8E8CC2D8CE1E}.Release|iPhone.ActiveCfg = Release|iPhone
		{D05CEAE7-B828-48EE-810F-8E8CC2D8CE1E}.Release|iPhone.Build.0 = Release|iPhone
		{D05CEAE7-B828-48EE-810F-8E8CC2D8CE1E}.Release|iPhoneSimulator.ActiveCfg = Release|iPhoneSimulator
		{D05CEAE7-B828-48EE-810F-8E8CC2D8CE1E}.Release|iPhoneSimulator.Build.0 = Release|iPhoneSimulator
		{D05CEAE7-B828-48EE-810F-8E8CC2D8CE1E}.Release|x64.ActiveCfg = Release|iPhone
		{D05CEAE7-B828-48EE-810F-8E8CC2D8CE1E}.Release|x86.ActiveCfg = Release|iPhone
		{2AF929AA-113B-49E9-A56B-745C3FEA3EE4}.Ad-Hoc|Any CPU.ActiveCfg = Release|x86
		{2AF929AA-113B-49E9-A56B-745C3FEA3EE4}.Ad-Hoc|Any CPU.Build.0 = Release|x86
		{2AF929AA-113B-49E9-A56B-745C3FEA3EE4}.Ad-Hoc|Any CPU.Deploy.0 = Release|x86
		{2AF929AA-113B-49E9-A56B-745C3FEA3EE4}.Ad-Hoc|ARM.ActiveCfg = Release|ARM
		{2AF929AA-113B-49E9-A56B-745C3FEA3EE4}.Ad-Hoc|ARM.Build.0 = Release|ARM
		{2AF929AA-113B-49E9-A56B-745C3FEA3EE4}.Ad-Hoc|ARM.Deploy.0 = Release|ARM
		{2AF929AA-113B-49E9-A56B-745C3FEA3EE4}.Ad-Hoc|iPhone.ActiveCfg = Release|x86
		{2AF929AA-113B-49E9-A56B-745C3FEA3EE4}.Ad-Hoc|iPhone.Build.0 = Release|x86
		{2AF929AA-113B-49E9-A56B-745C3FEA3EE4}.Ad-Hoc|iPhone.Deploy.0 = Release|x86
		{2AF929AA-113B-49E9-A56B-745C3FEA3EE4}.Ad-Hoc|iPhoneSimulator.ActiveCfg = Release|x86
		{2AF929AA-113B-49E9-A56B-745C3FEA3EE4}.Ad-Hoc|iPhoneSimulator.Build.0 = Release|x86
		{2AF929AA-113B-49E9-A56B-745C3FEA3EE4}.Ad-Hoc|iPhoneSimulator.Deploy.0 = Release|x86
		{2AF929AA-113B-49E9-A56B-745C3FEA3EE4}.Ad-Hoc|x64.ActiveCfg = Release|x64
		{2AF929AA-113B-49E9-A56B-745C3FEA3EE4}.Ad-Hoc|x64.Build.0 = Release|x64
		{2AF929AA-113B-49E9-A56B-745C3FEA3EE4}.Ad-Hoc|x64.Deploy.0 = Release|x64
		{2AF929AA-113B-49E9-A56B-745C3FEA3EE4}.Ad-Hoc|x86.ActiveCfg = Release|x86
		{2AF929AA-113B-49E9-A56B-745C3FEA3EE4}.Ad-Hoc|x86.Build.0 = Release|x86
		{2AF929AA-113B-49E9-A56B-745C3FEA3EE4}.Ad-Hoc|x86.Deploy.0 = Release|x86
		{2AF929AA-113B-49E9-A56B-745C3FEA3EE4}.AppStore|Any CPU.ActiveCfg = Release|x86
		{2AF929AA-113B-49E9-A56B-745C3FEA3EE4}.AppStore|Any CPU.Build.0 = Release|x86
		{2AF929AA-113B-49E9-A56B-745C3FEA3EE4}.AppStore|Any CPU.Deploy.0 = Release|x86
		{2AF929AA-113B-49E9-A56B-745C3FEA3EE4}.AppStore|ARM.ActiveCfg = Release|ARM
		{2AF929AA-113B-49E9-A56B-745C3FEA3EE4}.AppStore|ARM.Build.0 = Release|ARM
		{2AF929AA-113B-49E9-A56B-745C3FEA3EE4}.AppStore|ARM.Deploy.0 = Release|ARM
		{2AF929AA-113B-49E9-A56B-745C3FEA3EE4}.AppStore|iPhone.ActiveCfg = Release|x86
		{2AF929AA-113B-49E9-A56B-745C3FEA3EE4}.AppStore|iPhone.Build.0 = Release|x86
		{2AF929AA-113B-49E9-A56B-745C3FEA3EE4}.AppStore|iPhone.Deploy.0 = Release|x86
		{2AF929AA-113B-49E9-A56B-745C3FEA3EE4}.AppStore|iPhoneSimulator.ActiveCfg = Release|x86
		{2AF929AA-113B-49E9-A56B-745C3FEA3EE4}.AppStore|iPhoneSimulator.Build.0 = Release|x86
		{2AF929AA-113B-49E9-A56B-745C3FEA3EE4}.AppStore|iPhoneSimulator.Deploy.0 = Release|x86
		{2AF929AA-113B-49E9-A56B-745C3FEA3EE4}.AppStore|x64.ActiveCfg = Release|x64
		{2AF929AA-113B-49E9-A56B-745C3FEA3EE4}.AppStore|x64.Build.0 = Release|x64
		{2AF929AA-113B-49E9-A56B-745C3FEA3EE4}.AppStore|x64.Deploy.0 = Release|x64
		{2AF929AA-113B-49E9-A56B-745C3FEA3EE4}.AppStore|x86.ActiveCfg = Release|x86
		{2AF929AA-113B-49E9-A56B-745C3FEA3EE4}.AppStore|x86.Build.0 = Release|x86
		{2AF929AA-113B-49E9-A56B-745C3FEA3EE4}.AppStore|x86.Deploy.0 = Release|x86
		{2AF929AA-113B-49E9-A56B-745C3FEA3EE4}.Debug|Any CPU.ActiveCfg = Debug|x86
		{2AF929AA-113B-49E9-A56B-745C3FEA3EE4}.Debug|ARM.ActiveCfg = Debug|ARM
		{2AF929AA-113B-49E9-A56B-745C3FEA3EE4}.Debug|ARM.Build.0 = Debug|ARM
		{2AF929AA-113B-49E9-A56B-745C3FEA3EE4}.Debug|ARM.Deploy.0 = Debug|ARM
		{2AF929AA-113B-49E9-A56B-745C3FEA3EE4}.Debug|iPhone.ActiveCfg = Debug|x86
		{2AF929AA-113B-49E9-A56B-745C3FEA3EE4}.Debug|iPhoneSimulator.ActiveCfg = Debug|x86
		{2AF929AA-113B-49E9-A56B-745C3FEA3EE4}.Debug|x64.ActiveCfg = Debug|x64
		{2AF929AA-113B-49E9-A56B-745C3FEA3EE4}.Debug|x64.Build.0 = Debug|x64
		{2AF929AA-113B-49E9-A56B-745C3FEA3EE4}.Debug|x64.Deploy.0 = Debug|x64
		{2AF929AA-113B-49E9-A56B-745C3FEA3EE4}.Debug|x86.ActiveCfg = Debug|x86
		{2AF929AA-113B-49E9-A56B-745C3FEA3EE4}.Debug|x86.Build.0 = Debug|x86
		{2AF929AA-113B-49E9-A56B-745C3FEA3EE4}.Debug|x86.Deploy.0 = Debug|x86
		{2AF929AA-113B-49E9-A56B-745C3FEA3EE4}.Release|Any CPU.ActiveCfg = Release|x86
		{2AF929AA-113B-49E9-A56B-745C3FEA3EE4}.Release|ARM.ActiveCfg = Release|ARM
		{2AF929AA-113B-49E9-A56B-745C3FEA3EE4}.Release|ARM.Build.0 = Release|ARM
		{2AF929AA-113B-49E9-A56B-745C3FEA3EE4}.Release|ARM.Deploy.0 = Release|ARM
		{2AF929AA-113B-49E9-A56B-745C3FEA3EE4}.Release|iPhone.ActiveCfg = Release|x86
		{2AF929AA-113B-49E9-A56B-745C3FEA3EE4}.Release|iPhoneSimulator.ActiveCfg = Release|x86
		{2AF929AA-113B-49E9-A56B-745C3FEA3EE4}.Release|x64.ActiveCfg = Release|x64
		{2AF929AA-113B-49E9-A56B-745C3FEA3EE4}.Release|x64.Build.0 = Release|x64
		{2AF929AA-113B-49E9-A56B-745C3FEA3EE4}.Release|x64.Deploy.0 = Release|x64
		{2AF929AA-113B-49E9-A56B-745C3FEA3EE4}.Release|x86.ActiveCfg = Release|x86
		{2AF929AA-113B-49E9-A56B-745C3FEA3EE4}.Release|x86.Build.0 = Release|x86
		{2AF929AA-113B-49E9-A56B-745C3FEA3EE4}.Release|x86.Deploy.0 = Release|x86
		{02E7F267-41B1-4D0A-98C1-77BBA0502D29}.Ad-Hoc|Any CPU.ActiveCfg = Debug|Any CPU
		{02E7F267-41B1-4D0A-98C1-77BBA0502D29}.Ad-Hoc|Any CPU.Build.0 = Debug|Any CPU
		{02E7F267-41B1-4D0A-98C1-77BBA0502D29}.Ad-Hoc|ARM.ActiveCfg = Debug|Any CPU
		{02E7F267-41B1-4D0A-98C1-77BBA0502D29}.Ad-Hoc|ARM.Build.0 = Debug|Any CPU
		{02E7F267-41B1-4D0A-98C1-77BBA0502D29}.Ad-Hoc|iPhone.ActiveCfg = Debug|Any CPU
		{02E7F267-41B1-4D0A-98C1-77BBA0502D29}.Ad-Hoc|iPhone.Build.0 = Debug|Any CPU
		{02E7F267-41B1-4D0A-98C1-77BBA0502D29}.Ad-Hoc|iPhoneSimulator.ActiveCfg = Debug|Any CPU
		{02E7F267-41B1-4D0A-98C1-77BBA0502D29}.Ad-Hoc|iPhoneSimulator.Build.0 = Debug|Any CPU
		{02E7F267-41B1-4D0A-98C1-77BBA0502D29}.Ad-Hoc|x64.ActiveCfg = Debug|Any CPU
		{02E7F267-41B1-4D0A-98C1-77BBA0502D29}.Ad-Hoc|x64.Build.0 = Debug|Any CPU
		{02E7F267-41B1-4D0A-98C1-77BBA0502D29}.Ad-Hoc|x86.ActiveCfg = Debug|Any CPU
		{02E7F267-41B1-4D0A-98C1-77BBA0502D29}.Ad-Hoc|x86.Build.0 = Debug|Any CPU
		{02E7F267-41B1-4D0A-98C1-77BBA0502D29}.AppStore|Any CPU.ActiveCfg = Debug|Any CPU
		{02E7F267-41B1-4D0A-98C1-77BBA0502D29}.AppStore|Any CPU.Build.0 = Debug|Any CPU
		{02E7F267-41B1-4D0A-98C1-77BBA0502D29}.AppStore|ARM.ActiveCfg = Debug|Any CPU
		{02E7F267-41B1-4D0A-98C1-77BBA0502D29}.AppStore|ARM.Build.0 = Debug|Any CPU
		{02E7F267-41B1-4D0A-98C1-77BBA0502D29}.AppStore|iPhone.ActiveCfg = Debug|Any CPU
		{02E7F267-41B1-4D0A-98C1-77BBA0502D29}.AppStore|iPhone.Build.0 = Debug|Any CPU
		{02E7F267-41B1-4D0A-98C1-77BBA0502D29}.AppStore|iPhoneSimulator.ActiveCfg = Debug|Any CPU
		{02E7F267-41B1-4D0A-98C1-77BBA0502D29}.AppStore|iPhoneSimulator.Build.0 = Debug|Any CPU
		{02E7F267-41B1-4D0A-98C1-77BBA0502D29}.AppStore|x64.ActiveCfg = Debug|Any CPU
		{02E7F267-41B1-4D0A-98C1-77BBA0502D29}.AppStore|x64.Build.0 = Debug|Any CPU
		{02E7F267-41B1-4D0A-98C1-77BBA0502D29}.AppStore|x86.ActiveCfg = Debug|Any CPU
		{02E7F267-41B1-4D0A-98C1-77BBA0502D29}.AppStore|x86.Build.0 = Debug|Any CPU
		{02E7F267-41B1-4D0A-98C1-77BBA0502D29}.Debug|Any CPU.ActiveCfg = Debug|Any CPU
		{02E7F267-41B1-4D0A-98C1-77BBA0502D29}.Debug|Any CPU.Build.0 = Debug|Any CPU
		{02E7F267-41B1-4D0A-98C1-77BBA0502D29}.Debug|ARM.ActiveCfg = Debug|Any CPU
		{02E7F267-41B1-4D0A-98C1-77BBA0502D29}.Debug|ARM.Build.0 = Debug|Any CPU
		{02E7F267-41B1-4D0A-98C1-77BBA0502D29}.Debug|iPhone.ActiveCfg = Debug|Any CPU
		{02E7F267-41B1-4D0A-98C1-77BBA0502D29}.Debug|iPhone.Build.0 = Debug|Any CPU
		{02E7F267-41B1-4D0A-98C1-77BBA0502D29}.Debug|iPhoneSimulator.ActiveCfg = Debug|Any CPU
		{02E7F267-41B1-4D0A-98C1-77BBA0502D29}.Debug|iPhoneSimulator.Build.0 = Debug|Any CPU
		{02E7F267-41B1-4D0A-98C1-77BBA0502D29}.Debug|x64.ActiveCfg = Debug|Any CPU
		{02E7F267-41B1-4D0A-98C1-77BBA0502D29}.Debug|x64.Build.0 = Debug|Any CPU
		{02E7F267-41B1-4D0A-98C1-77BBA0502D29}.Debug|x86.ActiveCfg = Debug|Any CPU
		{02E7F267-41B1-4D0A-98C1-77BBA0502D29}.Debug|x86.Build.0 = Debug|Any CPU
		{02E7F267-41B1-4D0A-98C1-77BBA0502D29}.Release|Any CPU.ActiveCfg = Release|Any CPU
		{02E7F267-41B1-4D0A-98C1-77BBA0502D29}.Release|Any CPU.Build.0 = Release|Any CPU
		{02E7F267-41B1-4D0A-98C1-77BBA0502D29}.Release|ARM.ActiveCfg = Release|Any CPU
		{02E7F267-41B1-4D0A-98C1-77BBA0502D29}.Release|ARM.Build.0 = Release|Any CPU
		{02E7F267-41B1-4D0A-98C1-77BBA0502D29}.Release|iPhone.ActiveCfg = Release|Any CPU
		{02E7F267-41B1-4D0A-98C1-77BBA0502D29}.Release|iPhone.Build.0 = Release|Any CPU
		{02E7F267-41B1-4D0A-98C1-77BBA0502D29}.Release|iPhoneSimulator.ActiveCfg = Release|Any CPU
		{02E7F267-41B1-4D0A-98C1-77BBA0502D29}.Release|iPhoneSimulator.Build.0 = Release|Any CPU
		{02E7F267-41B1-4D0A-98C1-77BBA0502D29}.Release|x64.ActiveCfg = Release|Any CPU
		{02E7F267-41B1-4D0A-98C1-77BBA0502D29}.Release|x64.Build.0 = Release|Any CPU
		{02E7F267-41B1-4D0A-98C1-77BBA0502D29}.Release|x86.ActiveCfg = Release|Any CPU
		{02E7F267-41B1-4D0A-98C1-77BBA0502D29}.Release|x86.Build.0 = Release|Any CPU
	EndGlobalSection
	GlobalSection(SolutionProperties) = preSolution
		HideSolutionNode = FALSE
	EndGlobalSection
	GlobalSection(ExtensibilityGlobals) = postSolution
		SolutionGuid = {CC5B941B-ABE0-4548-B5C9-5054611B0862}
	EndGlobalSection
EndGlobal
